
Microsoft Visual Studio Solution File, Format Version 12.00
# Visual Studio 15
VisualStudioVersion = 15.0.26403.7
MinimumVisualStudioVersion = 10.0.40219.1
Project("{FAE04EC0-301F-11D3-BF4B-00C04F79EFBC}") = "ShoeboxClient.Android", "ShoeboxClient\ShoeboxClient.Android\ShoeboxClient.Android.csproj", "{F4E0336E-8E42-44E2-9D1E-2553E7AFA5CC}"
EndProject
Project("{FAE04EC0-301F-11D3-BF4B-00C04F79EFBC}") = "ShoeboxClient", "ShoeboxClient\ShoeboxClient\ShoeboxClient.csproj", "{1111E769-AEEF-4C1A-981B-C3135171A503}"
EndProject
Project("{FAE04EC0-301F-11D3-BF4B-00C04F79EFBC}") = "ShoeboxClient.UWP", "ShoeboxClient\ShoeboxClient.UWP\ShoeboxClient.UWP.csproj", "{6A8CB9F6-5AE8-4A92-ADDE-6B3B30745F89}"
EndProject
Project("{FAE04EC0-301F-11D3-BF4B-00C04F79EFBC}") = "ShoeboxClient.iOS", "ShoeboxClient\ShoeboxClient.iOS\ShoeboxClient.iOS.csproj", "{CA748B5A-BDBD-4C35-A545-1F8465EC87FF}"
EndProject
Global
	GlobalSection(SolutionConfigurationPlatforms) = preSolution
		Ad-Hoc|Any CPU = Ad-Hoc|Any CPU
		Ad-Hoc|ARM = Ad-Hoc|ARM
		Ad-Hoc|iPhone = Ad-Hoc|iPhone
		Ad-Hoc|iPhoneSimulator = Ad-Hoc|iPhoneSimulator
		Ad-Hoc|x64 = Ad-Hoc|x64
		Ad-Hoc|x86 = Ad-Hoc|x86
		AppStore|Any CPU = AppStore|Any CPU
		AppStore|ARM = AppStore|ARM
		AppStore|iPhone = AppStore|iPhone
		AppStore|iPhoneSimulator = AppStore|iPhoneSimulator
		AppStore|x64 = AppStore|x64
		AppStore|x86 = AppStore|x86
		Debug|Any CPU = Debug|Any CPU
		Debug|ARM = Debug|ARM
		Debug|iPhone = Debug|iPhone
		Debug|iPhoneSimulator = Debug|iPhoneSimulator
		Debug|x64 = Debug|x64
		Debug|x86 = Debug|x86
		Release|Any CPU = Release|Any CPU
		Release|ARM = Release|ARM
		Release|iPhone = Release|iPhone
		Release|iPhoneSimulator = Release|iPhoneSimulator
		Release|x64 = Release|x64
		Release|x86 = Release|x86
	EndGlobalSection
	GlobalSection(ProjectConfigurationPlatforms) = postSolution
		{F4E0336E-8E42-44E2-9D1E-2553E7AFA5CC}.Ad-Hoc|Any CPU.ActiveCfg = Release|Any CPU
		{F4E0336E-8E42-44E2-9D1E-2553E7AFA5CC}.Ad-Hoc|Any CPU.Build.0 = Release|Any CPU
		{F4E0336E-8E42-44E2-9D1E-2553E7AFA5CC}.Ad-Hoc|Any CPU.Deploy.0 = Release|Any CPU
		{F4E0336E-8E42-44E2-9D1E-2553E7AFA5CC}.Ad-Hoc|ARM.ActiveCfg = Release|Any CPU
		{F4E0336E-8E42-44E2-9D1E-2553E7AFA5CC}.Ad-Hoc|ARM.Build.0 = Release|Any CPU
		{F4E0336E-8E42-44E2-9D1E-2553E7AFA5CC}.Ad-Hoc|ARM.Deploy.0 = Release|Any CPU
		{F4E0336E-8E42-44E2-9D1E-2553E7AFA5CC}.Ad-Hoc|iPhone.ActiveCfg = Release|Any CPU
		{F4E0336E-8E42-44E2-9D1E-2553E7AFA5CC}.Ad-Hoc|iPhone.Build.0 = Release|Any CPU
		{F4E0336E-8E42-44E2-9D1E-2553E7AFA5CC}.Ad-Hoc|iPhone.Deploy.0 = Release|Any CPU
		{F4E0336E-8E42-44E2-9D1E-2553E7AFA5CC}.Ad-Hoc|iPhoneSimulator.ActiveCfg = Release|Any CPU
		{F4E0336E-8E42-44E2-9D1E-2553E7AFA5CC}.Ad-Hoc|iPhoneSimulator.Build.0 = Release|Any CPU
		{F4E0336E-8E42-44E2-9D1E-2553E7AFA5CC}.Ad-Hoc|iPhoneSimulator.Deploy.0 = Release|Any CPU
		{F4E0336E-8E42-44E2-9D1E-2553E7AFA5CC}.Ad-Hoc|x64.ActiveCfg = Release|Any CPU
		{F4E0336E-8E42-44E2-9D1E-2553E7AFA5CC}.Ad-Hoc|x64.Build.0 = Release|Any CPU
		{F4E0336E-8E42-44E2-9D1E-2553E7AFA5CC}.Ad-Hoc|x64.Deploy.0 = Release|Any CPU
		{F4E0336E-8E42-44E2-9D1E-2553E7AFA5CC}.Ad-Hoc|x86.ActiveCfg = Release|Any CPU
		{F4E0336E-8E42-44E2-9D1E-2553E7AFA5CC}.Ad-Hoc|x86.Build.0 = Release|Any CPU
		{F4E0336E-8E42-44E2-9D1E-2553E7AFA5CC}.Ad-Hoc|x86.Deploy.0 = Release|Any CPU
		{F4E0336E-8E42-44E2-9D1E-2553E7AFA5CC}.AppStore|Any CPU.ActiveCfg = Release|Any CPU
		{F4E0336E-8E42-44E2-9D1E-2553E7AFA5CC}.AppStore|Any CPU.Build.0 = Release|Any CPU
		{F4E0336E-8E42-44E2-9D1E-2553E7AFA5CC}.AppStore|Any CPU.Deploy.0 = Release|Any CPU
		{F4E0336E-8E42-44E2-9D1E-2553E7AFA5CC}.AppStore|ARM.ActiveCfg = Release|Any CPU
		{F4E0336E-8E42-44E2-9D1E-2553E7AFA5CC}.AppStore|ARM.Build.0 = Release|Any CPU
		{F4E0336E-8E42-44E2-9D1E-2553E7AFA5CC}.AppStore|ARM.Deploy.0 = Release|Any CPU
		{F4E0336E-8E42-44E2-9D1E-2553E7AFA5CC}.AppStore|iPhone.ActiveCfg = Release|Any CPU
		{F4E0336E-8E42-44E2-9D1E-2553E7AFA5CC}.AppStore|iPhone.Build.0 = Release|Any CPU
		{F4E0336E-8E42-44E2-9D1E-2553E7AFA5CC}.AppStore|iPhone.Deploy.0 = Release|Any CPU
		{F4E0336E-8E42-44E2-9D1E-2553E7AFA5CC}.AppStore|iPhoneSimulator.ActiveCfg = Release|Any CPU
		{F4E0336E-8E42-44E2-9D1E-2553E7AFA5CC}.AppStore|iPhoneSimulator.Build.0 = Release|Any CPU
		{F4E0336E-8E42-44E2-9D1E-2553E7AFA5CC}.AppStore|iPhoneSimulator.Deploy.0 = Release|Any CPU
		{F4E0336E-8E42-44E2-9D1E-2553E7AFA5CC}.AppStore|x64.ActiveCfg = Release|Any CPU
		{F4E0336E-8E42-44E2-9D1E-2553E7AFA5CC}.AppStore|x64.Build.0 = Release|Any CPU
		{F4E0336E-8E42-44E2-9D1E-2553E7AFA5CC}.AppStore|x64.Deploy.0 = Release|Any CPU
		{F4E0336E-8E42-44E2-9D1E-2553E7AFA5CC}.AppStore|x86.ActiveCfg = Release|Any CPU
		{F4E0336E-8E42-44E2-9D1E-2553E7AFA5CC}.AppStore|x86.Build.0 = Release|Any CPU
		{F4E0336E-8E42-44E2-9D1E-2553E7AFA5CC}.AppStore|x86.Deploy.0 = Release|Any CPU
		{F4E0336E-8E42-44E2-9D1E-2553E7AFA5CC}.Debug|Any CPU.ActiveCfg = Debug|Any CPU
		{F4E0336E-8E42-44E2-9D1E-2553E7AFA5CC}.Debug|Any CPU.Build.0 = Debug|Any CPU
		{F4E0336E-8E42-44E2-9D1E-2553E7AFA5CC}.Debug|Any CPU.Deploy.0 = Debug|Any CPU
		{F4E0336E-8E42-44E2-9D1E-2553E7AFA5CC}.Debug|ARM.ActiveCfg = Debug|Any CPU
		{F4E0336E-8E42-44E2-9D1E-2553E7AFA5CC}.Debug|ARM.Build.0 = Debug|Any CPU
		{F4E0336E-8E42-44E2-9D1E-2553E7AFA5CC}.Debug|ARM.Deploy.0 = Debug|Any CPU
		{F4E0336E-8E42-44E2-9D1E-2553E7AFA5CC}.Debug|iPhone.ActiveCfg = Debug|Any CPU
		{F4E0336E-8E42-44E2-9D1E-2553E7AFA5CC}.Debug|iPhone.Build.0 = Debug|Any CPU
		{F4E0336E-8E42-44E2-9D1E-2553E7AFA5CC}.Debug|iPhone.Deploy.0 = Debug|Any CPU
		{F4E0336E-8E42-44E2-9D1E-2553E7AFA5CC}.Debug|iPhoneSimulator.ActiveCfg = Debug|Any CPU
		{F4E0336E-8E42-44E2-9D1E-2553E7AFA5CC}.Debug|iPhoneSimulator.Build.0 = Debug|Any CPU
		{F4E0336E-8E42-44E2-9D1E-2553E7AFA5CC}.Debug|iPhoneSimulator.Deploy.0 = Debug|Any CPU
		{F4E0336E-8E42-44E2-9D1E-2553E7AFA5CC}.Debug|x64.ActiveCfg = Debug|Any CPU
		{F4E0336E-8E42-44E2-9D1E-2553E7AFA5CC}.Debug|x64.Build.0 = Debug|Any CPU
		{F4E0336E-8E42-44E2-9D1E-2553E7AFA5CC}.Debug|x64.Deploy.0 = Debug|Any CPU
		{F4E0336E-8E42-44E2-9D1E-2553E7AFA5CC}.Debug|x86.ActiveCfg = Debug|Any CPU
		{F4E0336E-8E42-44E2-9D1E-2553E7AFA5CC}.Debug|x86.Build.0 = Debug|Any CPU
		{F4E0336E-8E42-44E2-9D1E-2553E7AFA5CC}.Debug|x86.Deploy.0 = Debug|Any CPU
		{F4E0336E-8E42-44E2-9D1E-2553E7AFA5CC}.Release|Any CPU.ActiveCfg = Release|Any CPU
		{F4E0336E-8E42-44E2-9D1E-2553E7AFA5CC}.Release|Any CPU.Build.0 = Release|Any CPU
		{F4E0336E-8E42-44E2-9D1E-2553E7AFA5CC}.Release|Any CPU.Deploy.0 = Release|Any CPU
		{F4E0336E-8E42-44E2-9D1E-2553E7AFA5CC}.Release|ARM.ActiveCfg = Release|Any CPU
		{F4E0336E-8E42-44E2-9D1E-2553E7AFA5CC}.Release|ARM.Build.0 = Release|Any CPU
		{F4E0336E-8E42-44E2-9D1E-2553E7AFA5CC}.Release|ARM.Deploy.0 = Release|Any CPU
		{F4E0336E-8E42-44E2-9D1E-2553E7AFA5CC}.Release|iPhone.ActiveCfg = Release|Any CPU
		{F4E0336E-8E42-44E2-9D1E-2553E7AFA5CC}.Release|iPhone.Build.0 = Release|Any CPU
		{F4E0336E-8E42-44E2-9D1E-2553E7AFA5CC}.Release|iPhone.Deploy.0 = Release|Any CPU
		{F4E0336E-8E42-44E2-9D1E-2553E7AFA5CC}.Release|iPhoneSimulator.ActiveCfg = Release|Any CPU
		{F4E0336E-8E42-44E2-9D1E-2553E7AFA5CC}.Release|iPhoneSimulator.Build.0 = Release|Any CPU
		{F4E0336E-8E42-44E2-9D1E-2553E7AFA5CC}.Release|iPhoneSimulator.Deploy.0 = Release|Any CPU
		{F4E0336E-8E42-44E2-9D1E-2553E7AFA5CC}.Release|x64.ActiveCfg = Release|Any CPU
		{F4E0336E-8E42-44E2-9D1E-2553E7AFA5CC}.Release|x64.Build.0 = Release|Any CPU
		{F4E0336E-8E42-44E2-9D1E-2553E7AFA5CC}.Release|x64.Deploy.0 = Release|Any CPU
		{F4E0336E-8E42-44E2-9D1E-2553E7AFA5CC}.Release|x86.ActiveCfg = Release|Any CPU
		{F4E0336E-8E42-44E2-9D1E-2553E7AFA5CC}.Release|x86.Build.0 = Release|Any CPU
		{F4E0336E-8E42-44E2-9D1E-2553E7AFA5CC}.Release|x86.Deploy.0 = Release|Any CPU
		{1111E769-AEEF-4C1A-981B-C3135171A503}.Ad-Hoc|Any CPU.ActiveCfg = Release|Any CPU
		{1111E769-AEEF-4C1A-981B-C3135171A503}.Ad-Hoc|Any CPU.Build.0 = Release|Any CPU
		{1111E769-AEEF-4C1A-981B-C3135171A503}.Ad-Hoc|ARM.ActiveCfg = Release|Any CPU
		{1111E769-AEEF-4C1A-981B-C3135171A503}.Ad-Hoc|ARM.Build.0 = Release|Any CPU
		{1111E769-AEEF-4C1A-981B-C3135171A503}.Ad-Hoc|iPhone.ActiveCfg = Release|Any CPU
		{1111E769-AEEF-4C1A-981B-C3135171A503}.Ad-Hoc|iPhone.Build.0 = Release|Any CPU
		{1111E769-AEEF-4C1A-981B-C3135171A503}.Ad-Hoc|iPhoneSimulator.ActiveCfg = Release|Any CPU
		{1111E769-AEEF-4C1A-981B-C3135171A503}.Ad-Hoc|iPhoneSimulator.Build.0 = Release|Any CPU
		{1111E769-AEEF-4C1A-981B-C3135171A503}.Ad-Hoc|x64.ActiveCfg = Release|Any CPU
		{1111E769-AEEF-4C1A-981B-C3135171A503}.Ad-Hoc|x64.Build.0 = Release|Any CPU
		{1111E769-AEEF-4C1A-981B-C3135171A503}.Ad-Hoc|x86.ActiveCfg = Release|Any CPU
		{1111E769-AEEF-4C1A-981B-C3135171A503}.Ad-Hoc|x86.Build.0 = Release|Any CPU
		{1111E769-AEEF-4C1A-981B-C3135171A503}.AppStore|Any CPU.ActiveCfg = Release|Any CPU
		{1111E769-AEEF-4C1A-981B-C3135171A503}.AppStore|Any CPU.Build.0 = Release|Any CPU
		{1111E769-AEEF-4C1A-981B-C3135171A503}.AppStore|ARM.ActiveCfg = Release|Any CPU
		{1111E769-AEEF-4C1A-981B-C3135171A503}.AppStore|ARM.Build.0 = Release|Any CPU
		{1111E769-AEEF-4C1A-981B-C3135171A503}.AppStore|iPhone.ActiveCfg = Release|Any CPU
		{1111E769-AEEF-4C1A-981B-C3135171A503}.AppStore|iPhone.Build.0 = Release|Any CPU
		{1111E769-AEEF-4C1A-981B-C3135171A503}.AppStore|iPhoneSimulator.ActiveCfg = Release|Any CPU
		{1111E769-AEEF-4C1A-981B-C3135171A503}.AppStore|iPhoneSimulator.Build.0 = Release|Any CPU
		{1111E769-AEEF-4C1A-981B-C3135171A503}.AppStore|x64.ActiveCfg = Release|Any CPU
		{1111E769-AEEF-4C1A-981B-C3135171A503}.AppStore|x64.Build.0 = Release|Any CPU
		{1111E769-AEEF-4C1A-981B-C3135171A503}.AppStore|x86.ActiveCfg = Release|Any CPU
		{1111E769-AEEF-4C1A-981B-C3135171A503}.AppStore|x86.Build.0 = Release|Any CPU
		{1111E769-AEEF-4C1A-981B-C3135171A503}.Debug|Any CPU.ActiveCfg = Debug|Any CPU
		{1111E769-AEEF-4C1A-981B-C3135171A503}.Debug|Any CPU.Build.0 = Debug|Any CPU
		{1111E769-AEEF-4C1A-981B-C3135171A503}.Debug|ARM.ActiveCfg = Debug|Any CPU
		{1111E769-AEEF-4C1A-981B-C3135171A503}.Debug|ARM.Build.0 = Debug|Any CPU
		{1111E769-AEEF-4C1A-981B-C3135171A503}.Debug|iPhone.ActiveCfg = Debug|Any CPU
		{1111E769-AEEF-4C1A-981B-C3135171A503}.Debug|iPhone.Build.0 = Debug|Any CPU
		{1111E769-AEEF-4C1A-981B-C3135171A503}.Debug|iPhoneSimulator.ActiveCfg = Debug|Any CPU
		{1111E769-AEEF-4C1A-981B-C3135171A503}.Debug|iPhoneSimulator.Build.0 = Debug|Any CPU
		{1111E769-AEEF-4C1A-981B-C3135171A503}.Debug|x64.ActiveCfg = Debug|Any CPU
		{1111E769-AEEF-4C1A-981B-C3135171A503}.Debug|x64.Build.0 = Debug|Any CPU
		{1111E769-AEEF-4C1A-981B-C3135171A503}.Debug|x86.ActiveCfg = Debug|Any CPU
		{1111E769-AEEF-4C1A-981B-C3135171A503}.Debug|x86.Build.0 = Debug|Any CPU
		{1111E769-AEEF-4C1A-981B-C3135171A503}.Release|Any CPU.ActiveCfg = Release|Any CPU
		{1111E769-AEEF-4C1A-981B-C3135171A503}.Release|Any CPU.Build.0 = Release|Any CPU
		{1111E769-AEEF-4C1A-981B-C3135171A503}.Release|ARM.ActiveCfg = Release|Any CPU
		{1111E769-AEEF-4C1A-981B-C3135171A503}.Release|ARM.Build.0 = Release|Any CPU
		{1111E769-AEEF-4C1A-981B-C3135171A503}.Release|iPhone.ActiveCfg = Release|Any CPU
		{1111E769-AEEF-4C1A-981B-C3135171A503}.Release|iPhone.Build.0 = Release|Any CPU
		{1111E769-AEEF-4C1A-981B-C3135171A503}.Release|iPhoneSimulator.ActiveCfg = Release|Any CPU
		{1111E769-AEEF-4C1A-981B-C3135171A503}.Release|iPhoneSimulator.Build.0 = Release|Any CPU
		{1111E769-AEEF-4C1A-981B-C3135171A503}.Release|x64.ActiveCfg = Release|Any CPU
		{1111E769-AEEF-4C1A-981B-C3135171A503}.Release|x64.Build.0 = Release|Any CPU
		{1111E769-AEEF-4C1A-981B-C3135171A503}.Release|x86.ActiveCfg = Release|Any CPU
		{1111E769-AEEF-4C1A-981B-C3135171A503}.Release|x86.Build.0 = Release|Any CPU
		{6A8CB9F6-5AE8-4A92-ADDE-6B3B30745F89}.Ad-Hoc|Any CPU.ActiveCfg = Release|x86
		{6A8CB9F6-5AE8-4A92-ADDE-6B3B30745F89}.Ad-Hoc|Any CPU.Build.0 = Release|x86
		{6A8CB9F6-5AE8-4A92-ADDE-6B3B30745F89}.Ad-Hoc|Any CPU.Deploy.0 = Release|x86
		{6A8CB9F6-5AE8-4A92-ADDE-6B3B30745F89}.Ad-Hoc|ARM.ActiveCfg = Release|ARM
		{6A8CB9F6-5AE8-4A92-ADDE-6B3B30745F89}.Ad-Hoc|ARM.Build.0 = Release|ARM
		{6A8CB9F6-5AE8-4A92-ADDE-6B3B30745F89}.Ad-Hoc|ARM.Deploy.0 = Release|ARM
		{6A8CB9F6-5AE8-4A92-ADDE-6B3B30745F89}.Ad-Hoc|iPhone.ActiveCfg = Release|x86
		{6A8CB9F6-5AE8-4A92-ADDE-6B3B30745F89}.Ad-Hoc|iPhone.Build.0 = Release|x86
		{6A8CB9F6-5AE8-4A92-ADDE-6B3B30745F89}.Ad-Hoc|iPhone.Deploy.0 = Release|x86
		{6A8CB9F6-5AE8-4A92-ADDE-6B3B30745F89}.Ad-Hoc|iPhoneSimulator.ActiveCfg = Release|x86
		{6A8CB9F6-5AE8-4A92-ADDE-6B3B30745F89}.Ad-Hoc|iPhoneSimulator.Build.0 = Release|x86
		{6A8CB9F6-5AE8-4A92-ADDE-6B3B30745F89}.Ad-Hoc|iPhoneSimulator.Deploy.0 = Release|x86
		{6A8CB9F6-5AE8-4A92-ADDE-6B3B30745F89}.Ad-Hoc|x64.ActiveCfg = Release|x64
		{6A8CB9F6-5AE8-4A92-ADDE-6B3B30745F89}.Ad-Hoc|x64.Build.0 = Release|x64
		{6A8CB9F6-5AE8-4A92-ADDE-6B3B30745F89}.Ad-Hoc|x64.Deploy.0 = Release|x64
		{6A8CB9F6-5AE8-4A92-ADDE-6B3B30745F89}.Ad-Hoc|x86.ActiveCfg = Release|x86
		{6A8CB9F6-5AE8-4A92-ADDE-6B3B30745F89}.Ad-Hoc|x86.Build.0 = Release|x86
		{6A8CB9F6-5AE8-4A92-ADDE-6B3B30745F89}.Ad-Hoc|x86.Deploy.0 = Release|x86
		{6A8CB9F6-5AE8-4A92-ADDE-6B3B30745F89}.AppStore|Any CPU.ActiveCfg = Release|x86
		{6A8CB9F6-5AE8-4A92-ADDE-6B3B30745F89}.AppStore|Any CPU.Build.0 = Release|x86
		{6A8CB9F6-5AE8-4A92-ADDE-6B3B30745F89}.AppStore|Any CPU.Deploy.0 = Release|x86
		{6A8CB9F6-5AE8-4A92-ADDE-6B3B30745F89}.AppStore|ARM.ActiveCfg = Release|ARM
		{6A8CB9F6-5AE8-4A92-ADDE-6B3B30745F89}.AppStore|ARM.Build.0 = Release|ARM
		{6A8CB9F6-5AE8-4A92-ADDE-6B3B30745F89}.AppStore|ARM.Deploy.0 = Release|ARM
		{6A8CB9F6-5AE8-4A92-ADDE-6B3B30745F89}.AppStore|iPhone.ActiveCfg = Release|x86
		{6A8CB9F6-5AE8-4A92-ADDE-6B3B30745F89}.AppStore|iPhone.Build.0 = Release|x86
		{6A8CB9F6-5AE8-4A92-ADDE-6B3B30745F89}.AppStore|iPhone.Deploy.0 = Release|x86
		{6A8CB9F6-5AE8-4A92-ADDE-6B3B30745F89}.AppStore|iPhoneSimulator.ActiveCfg = Release|x86
		{6A8CB9F6-5AE8-4A92-ADDE-6B3B30745F89}.AppStore|iPhoneSimulator.Build.0 = Release|x86
		{6A8CB9F6-5AE8-4A92-ADDE-6B3B30745F89}.AppStore|iPhoneSimulator.Deploy.0 = Release|x86
		{6A8CB9F6-5AE8-4A92-ADDE-6B3B30745F89}.AppStore|x64.ActiveCfg = Release|x64
		{6A8CB9F6-5AE8-4A92-ADDE-6B3B30745F89}.AppStore|x64.Build.0 = Release|x64
		{6A8CB9F6-5AE8-4A92-ADDE-6B3B30745F89}.AppStore|x64.Deploy.0 = Release|x64
		{6A8CB9F6-5AE8-4A92-ADDE-6B3B30745F89}.AppStore|x86.ActiveCfg = Release|x86
		{6A8CB9F6-5AE8-4A92-ADDE-6B3B30745F89}.AppStore|x86.Build.0 = Release|x86
		{6A8CB9F6-5AE8-4A92-ADDE-6B3B30745F89}.AppStore|x86.Deploy.0 = Release|x86
		{6A8CB9F6-5AE8-4A92-ADDE-6B3B30745F89}.Debug|Any CPU.ActiveCfg = Debug|x86
		{6A8CB9F6-5AE8-4A92-ADDE-6B3B30745F89}.Debug|ARM.ActiveCfg = Debug|ARM
		{6A8CB9F6-5AE8-4A92-ADDE-6B3B30745F89}.Debug|ARM.Build.0 = Debug|ARM
		{6A8CB9F6-5AE8-4A92-ADDE-6B3B30745F89}.Debug|ARM.Deploy.0 = Debug|ARM
		{6A8CB9F6-5AE8-4A92-ADDE-6B3B30745F89}.Debug|iPhone.ActiveCfg = Debug|x86
		{6A8CB9F6-5AE8-4A92-ADDE-6B3B30745F89}.Debug|iPhoneSimulator.ActiveCfg = Debug|x86
		{6A8CB9F6-5AE8-4A92-ADDE-6B3B30745F89}.Debug|x64.ActiveCfg = Debug|x64
		{6A8CB9F6-5AE8-4A92-ADDE-6B3B30745F89}.Debug|x64.Build.0 = Debug|x64
		{6A8CB9F6-5AE8-4A92-ADDE-6B3B30745F89}.Debug|x64.Deploy.0 = Debug|x64
		{6A8CB9F6-5AE8-4A92-ADDE-6B3B30745F89}.Debug|x86.ActiveCfg = Debug|x86
		{6A8CB9F6-5AE8-4A92-ADDE-6B3B30745F89}.Debug|x86.Build.0 = Debug|x86
		{6A8CB9F6-5AE8-4A92-ADDE-6B3B30745F89}.Debug|x86.Deploy.0 = Debug|x86
		{6A8CB9F6-5AE8-4A92-ADDE-6B3B30745F89}.Release|Any CPU.ActiveCfg = Release|x86
		{6A8CB9F6-5AE8-4A92-ADDE-6B3B30745F89}.Release|ARM.ActiveCfg = Release|ARM
		{6A8CB9F6-5AE8-4A92-ADDE-6B3B30745F89}.Release|ARM.Build.0 = Release|ARM
		{6A8CB9F6-5AE8-4A92-ADDE-6B3B30745F89}.Release|ARM.Deploy.0 = Release|ARM
		{6A8CB9F6-5AE8-4A92-ADDE-6B3B30745F89}.Release|iPhone.ActiveCfg = Release|x86
		{6A8CB9F6-5AE8-4A92-ADDE-6B3B30745F89}.Release|iPhoneSimulator.ActiveCfg = Release|x86
		{6A8CB9F6-5AE8-4A92-ADDE-6B3B30745F89}.Release|x64.ActiveCfg = Release|x64
		{6A8CB9F6-5AE8-4A92-ADDE-6B3B30745F89}.Release|x64.Build.0 = Release|x64
		{6A8CB9F6-5AE8-4A92-ADDE-6B3B30745F89}.Release|x64.Deploy.0 = Release|x64
		{6A8CB9F6-5AE8-4A92-ADDE-6B3B30745F89}.Release|x86.ActiveCfg = Release|x86
		{6A8CB9F6-5AE8-4A92-ADDE-6B3B30745F89}.Release|x86.Build.0 = Release|x86
		{6A8CB9F6-5AE8-4A92-ADDE-6B3B30745F89}.Release|x86.Deploy.0 = Release|x86
		{CA748B5A-BDBD-4C35-A545-1F8465EC87FF}.Ad-Hoc|Any CPU.ActiveCfg = Ad-Hoc|iPhone
		{CA748B5A-BDBD-4C35-A545-1F8465EC87FF}.Ad-Hoc|ARM.ActiveCfg = Ad-Hoc|iPhone
		{CA748B5A-BDBD-4C35-A545-1F8465EC87FF}.Ad-Hoc|iPhone.ActiveCfg = Ad-Hoc|iPhone
		{CA748B5A-BDBD-4C35-A545-1F8465EC87FF}.Ad-Hoc|iPhone.Build.0 = Ad-Hoc|iPhone
		{CA748B5A-BDBD-4C35-A545-1F8465EC87FF}.Ad-Hoc|iPhoneSimulator.ActiveCfg = Ad-Hoc|iPhoneSimulator
		{CA748B5A-BDBD-4C35-A545-1F8465EC87FF}.Ad-Hoc|iPhoneSimulator.Build.0 = Ad-Hoc|iPhoneSimulator
		{CA748B5A-BDBD-4C35-A545-1F8465EC87FF}.Ad-Hoc|x64.ActiveCfg = Ad-Hoc|iPhone
		{CA748B5A-BDBD-4C35-A545-1F8465EC87FF}.Ad-Hoc|x86.ActiveCfg = Ad-Hoc|iPhone
		{CA748B5A-BDBD-4C35-A545-1F8465EC87FF}.AppStore|Any CPU.ActiveCfg = AppStore|iPhone
		{CA748B5A-BDBD-4C35-A545-1F8465EC87FF}.AppStore|ARM.ActiveCfg = AppStore|iPhone
		{CA748B5A-BDBD-4C35-A545-1F8465EC87FF}.AppStore|iPhone.ActiveCfg = AppStore|iPhone
		{CA748B5A-BDBD-4C35-A545-1F8465EC87FF}.AppStore|iPhone.Build.0 = AppStore|iPhone
		{CA748B5A-BDBD-4C35-A545-1F8465EC87FF}.AppStore|iPhoneSimulator.ActiveCfg = AppStore|iPhoneSimulator
		{CA748B5A-BDBD-4C35-A545-1F8465EC87FF}.AppStore|iPhoneSimulator.Build.0 = AppStore|iPhoneSimulator
		{CA748B5A-BDBD-4C35-A545-1F8465EC87FF}.AppStore|x64.ActiveCfg = AppStore|iPhone
		{CA748B5A-BDBD-4C35-A545-1F8465EC87FF}.AppStore|x86.ActiveCfg = AppStore|iPhone
		{CA748B5A-BDBD-4C35-A545-1F8465EC87FF}.Debug|Any CPU.ActiveCfg = Debug|iPhone
		{CA748B5A-BDBD-4C35-A545-1F8465EC87FF}.Debug|ARM.ActiveCfg = Debug|iPhone
		{CA748B5A-BDBD-4C35-A545-1F8465EC87FF}.Debug|iPhone.ActiveCfg = Debug|iPhone
		{CA748B5A-BDBD-4C35-A545-1F8465EC87FF}.Debug|iPhone.Build.0 = Debug|iPhone
		{CA748B5A-BDBD-4C35-A545-1F8465EC87FF}.Debug|iPhoneSimulator.ActiveCfg = Debug|iPhoneSimulator
		{CA748B5A-BDBD-4C35-A545-1F8465EC87FF}.Debug|iPhoneSimulator.Build.0 = Debug|iPhoneSimulator
		{CA748B5A-BDBD-4C35-A545-1F8465EC87FF}.Debug|x64.ActiveCfg = Debug|iPhone
		{CA748B5A-BDBD-4C35-A545-1F8465EC87FF}.Debug|x86.ActiveCfg = Debug|iPhone
		{CA748B5A-BDBD-4C35-A545-1F8465EC87FF}.Release|Any CPU.ActiveCfg = Release|iPhone
		{CA748B5A-BDBD-4C35-A545-1F8465EC87FF}.Release|ARM.ActiveCfg = Release|iPhone
		{CA748B5A-BDBD-4C35-A545-1F8465EC87FF}.Release|iPhone.ActiveCfg = Release|iPhone
		{CA748B5A-BDBD-4C35-A545-1F8465EC87FF}.Release|iPhone.Build.0 = Release|iPhone
		{CA748B5A-BDBD-4C35-A545-1F8465EC87FF}.Release|iPhoneSimulator.ActiveCfg = Release|iPhoneSimulator
		{CA748B5A-BDBD-4C35-A545-1F8465EC87FF}.Release|iPhoneSimulator.Build.0 = Release|iPhoneSimulator
		{CA748B5A-BDBD-4C35-A545-1F8465EC87FF}.Release|x64.ActiveCfg = Release|iPhone
		{CA748B5A-BDBD-4C35-A545-1F8465EC87FF}.Release|x86.ActiveCfg = Release|iPhone
	EndGlobalSection
	GlobalSection(SolutionProperties) = preSolution
		HideSolutionNode = FALSE
	EndGlobalSection
EndGlobal
